<?xml version="1.0" encoding="utf-8"?>
<Project ToolsVersion="4.0" xmlns="http://schemas.microsoft.com/developer/msbuild/2003">
  <ItemGroup>
    <Filter Include="Source Files">
      <UniqueIdentifier>{4FC737F1-C7A5-4376-A066-2A32D752A2FF}</UniqueIdentifier>
      <Extensions>cpp;c;cc;cxx;c++;cppm;ixx;def;odl;idl;hpj;bat;asm;asmx</Extensions>
    </Filter>
    <Filter Include="Header Files">
      <UniqueIdentifier>{93995380-89BD-4b04-88EB-625FBE52EBFB}</UniqueIdentifier>
      <Extensions>h;hh;hpp;hxx;h++;hm;inl;inc;ipp;xsd</Extensions>
    </Filter>
    <Filter Include="Resource Files">
      <UniqueIdentifier>{67DA6AB6-F800-4c08-8B7A-83BB121AAD01}</UniqueIdentifier>
      <Extensions>rc;ico;cur;bmp;dlg;rc2;rct;bin;rgs;gif;jpg;jpeg;jpe;resx;tiff;tif;png;wav;mfcribbon-ms</Extensions>
    </Filter>
    <Filter Include="Source Files\gfx">
      <UniqueIdentifier>{48257ba6-e5e4-4ca6-8ce4-caac31e49c3d}</UniqueIdentifier>
    </Filter>
    <Filter Include="Source Files\util">
      <UniqueIdentifier>{e5b83f16-2db3-4fe7-8571-e77c325402c3}</UniqueIdentifier>
    </Filter>
    <Filter Include="Resource Files\shaders">
      <UniqueIdentifier>{73104010-b12f-4a4b-a574-5cef6f284d5e}</UniqueIdentifier>
    </Filter>
    <Filter Include="Source Files\world">
      <UniqueIdentifier>{5056ec06-aa2c-41d1-920e-6b48eccbc9c1}</UniqueIdentifier>
    </Filter>
    <Filter Include="Source Files\default">
      <UniqueIdentifier>{f2cbd2c9-0f3e-474b-8d5a-51960bd4ecb0}</UniqueIdentifier>
    </Filter>
  </ItemGroup>
  <ItemGroup>
    <ClCompile Include="src\main.c">
      <Filter>Source Files</Filter>
    </ClCompile>
    <ClCompile Include="src\gfx\window.c">
      <Filter>Source Files\gfx</Filter>
    </ClCompile>
    <ClCompile Include="src\gfx\shader.c">
      <Filter>Source Files\gfx</Filter>
    </ClCompile>
    <ClCompile Include="src\gfx\bo.c">
      <Filter>Source Files\gfx</Filter>
    </ClCompile>
    <ClCompile Include="src\gfx\vao.c">
      <Filter>Source Files\gfx</Filter>
    </ClCompile>
    <ClCompile Include="src\gfx\mesh.c">
      <Filter>Source Files\gfx</Filter>
    </ClCompile>
    <ClCompile Include="src\gfx\camera.c">
      <Filter>Source Files\gfx</Filter>
    </ClCompile>
    <ClCompile Include="src\world\world.c">
      <Filter>Source Files\world</Filter>
    </ClCompile>
    <ClCompile Include="src\state.c">
      <Filter>Source Files</Filter>
    </ClCompile>
    <ClCompile Include="src\default\defaults.c">
      <Filter>Source Files\default</Filter>
    </ClCompile>
    <ClCompile Include="src\default\shader.c">
      <Filter>Source Files\default</Filter>
    </ClCompile>
    <ClCompile Include="src\default\material.c">
      <Filter>Source Files\default</Filter>
    </ClCompile>
  </ItemGroup>
  <ItemGroup>
    <ClInclude Include="src\gfx\gfx.h">
      <Filter>Source Files\gfx</Filter>
    </ClInclude>
    <ClInclude Include="src\gfx\window.h">
      <Filter>Source Files\gfx</Filter>
    </ClInclude>
    <ClInclude Include="src\util\types.h">
      <Filter>Source Files\util</Filter>
    </ClInclude>
    <ClInclude Include="src\util\utils.h">
      <Filter>Source Files\util</Filter>
    </ClInclude>
    <ClInclude Include="src\gfx\shader.h">
      <Filter>Source Files\gfx</Filter>
    </ClInclude>
    <ClInclude Include="src\gfx\vao.h">
      <Filter>Source Files\gfx</Filter>
    </ClInclude>
    <ClInclude Include="src\gfx\bo.h">
      <Filter>Source Files\gfx</Filter>
    </ClInclude>
    <ClInclude Include="src\state.h">
      <Filter>Source Files</Filter>
    </ClInclude>
    <ClInclude Include="src\gfx\mesh.h">
      <Filter>Source Files\gfx</Filter>
    </ClInclude>
    <ClInclude Include="src\util\macros.h">
      <Filter>Source Files\util</Filter>
    </ClInclude>
    <ClInclude Include="src\gfx\camera.h">
      <Filter>Source Files\gfx</Filter>
    </ClInclude>
    <ClInclude Include="src\world\world.h">
      <Filter>Source Files\world</Filter>
    </ClInclude>
    <ClInclude Include="src\util\timer.h">
      <Filter>Source Files\util</Filter>
    </ClInclude>
    <ClInclude Include="src\util\fmath.h">
      <Filter>Source Files\util</Filter>
    </ClInclude>
    <ClInclude Include="src\gfx\material.h">
      <Filter>Source Files\gfx</Filter>
    </ClInclude>
    <ClInclude Include="src\default\defaults.h">
      <Filter>Source Files\default</Filter>
    </ClInclude>
  </ItemGroup>
  <ItemGroup>
    <None Include="res\shaders\default-3d.vert">
      <Filter>Resource Files\shaders</Filter>
    </None>
    <None Include="res\shaders\default-3d.frag">
      <Filter>Resource Files\shaders</Filter>
    </None>
  </ItemGroup>
</Project>